
Microsoft Visual Studio Solution File, Format Version 12.00
# Visual Studio Version 17
VisualStudioVersion = 17.5.33414.496
MinimumVisualStudioVersion = 10.0.40219.1
Project("{9A19103F-16F7-4668-BE54-9A1E7A4F7556}") = "GraovacEdi_OOP_NET", "GraovacEdi_OOP_NET\GraovacEdi_OOP_NET.csproj", "{113A0221-BF3D-440F-9F9D-70A53EE11BA1}"
EndProject
Project("{9A19103F-16F7-4668-BE54-9A1E7A4F7556}") = "DAL", "DAL\DAL.csproj", "{52ABCAAB-894C-4F39-AAD4-B6E28C36F2DD}"
EndProject
Project("{FAE04EC0-301F-11D3-BF4B-00C04F79EFBC}") = "Graovac_WPF_PART", "Graovac_WPF_PART\Graovac_WPF_PART.csproj", "{BA201EEC-606B-4D04-8073-9F0F56C973CA}"
EndProject
Global
	GlobalSection(SolutionConfigurationPlatforms) = preSolution
		Debug|Any CPU = Debug|Any CPU
		Release|Any CPU = Release|Any CPU
	EndGlobalSection
	GlobalSection(ProjectConfigurationPlatforms) = postSolution
		{113A0221-BF3D-440F-9F9D-70A53EE11BA1}.Debug|Any CPU.ActiveCfg = Debug|Any CPU
		{113A0221-BF3D-440F-9F9D-70A53EE11BA1}.Debug|Any CPU.Build.0 = Debug|Any CPU
		{113A0221-BF3D-440F-9F9D-70A53EE11BA1}.Release|Any CPU.ActiveCfg = Release|Any CPU
		{113A0221-BF3D-440F-9F9D-70A53EE11BA1}.Release|Any CPU.Build.0 = Release|Any CPU
		{52ABCAAB-894C-4F39-AAD4-B6E28C36F2DD}.Debug|Any CPU.ActiveCfg = Debug|Any CPU
		{52ABCAAB-894C-4F39-AAD4-B6E28C36F2DD}.Debug|Any CPU.Build.0 = Debug|Any CPU
		{52ABCAAB-894C-4F39-AAD4-B6E28C36F2DD}.Release|Any CPU.ActiveCfg = Release|Any CPU
		{52ABCAAB-894C-4F39-AAD4-B6E28C36F2DD}.Release|Any CPU.Build.0 = Release|Any CPU
		{BA201EEC-606B-4D04-8073-9F0F56C973CA}.Debug|Any CPU.ActiveCfg = Debug|Any CPU
		{BA201EEC-606B-4D04-8073-9F0F56C973CA}.Debug|Any CPU.Build.0 = Debug|Any CPU
		{BA201EEC-606B-4D04-8073-9F0F56C973CA}.Release|Any CPU.ActiveCfg = Release|Any CPU
		{BA201EEC-606B-4D04-8073-9F0F56C973CA}.Release|Any CPU.Build.0 = Release|Any CPU
	EndGlobalSection
	GlobalSection(SolutionProperties) = preSolution
		HideSolutionNode = FALSE
	EndGlobalSection
	GlobalSection(ExtensibilityGlobals) = postSolution
		SolutionGuid = {938F2FE0-89DA-40EE-91F2-90F5CF51DAB2}
	EndGlobalSection
EndGlobal
